
Microsoft Visual Studio Solution File, Format Version 12.00
# Visual Studio Version 17
VisualStudioVersion = 17.11.35327.3
MinimumVisualStudioVersion = 10.0.40219.1
Project("{9A19103F-16F7-4668-BE54-9A1E7A4F7556}") = "MinefieldGame", "MinefieldGame\MinefieldGame.csproj", "{07F0C1D2-DED6-4F86-A319-A309FE3FEE9A}"
EndProject
Project("{FAE04EC0-301F-11D3-BF4B-00C04F79EFBC}") = "MinefieldGame.Tests", "MinefieldGame.Tests\MinefieldGame.Tests.csproj", "{1161CC30-7684-4931-9949-01DE18F0B60C}"
EndProject
Global
	GlobalSection(SolutionConfigurationPlatforms) = preSolution
		Debug|Any CPU = Debug|Any CPU
		Release|Any CPU = Release|Any CPU
	EndGlobalSection
	GlobalSection(ProjectConfigurationPlatforms) = postSolution
		{07F0C1D2-DED6-4F86-A319-A309FE3FEE9A}.Debug|Any CPU.ActiveCfg = Debug|Any CPU
		{07F0C1D2-DED6-4F86-A319-A309FE3FEE9A}.Debug|Any CPU.Build.0 = Debug|Any CPU
		{07F0C1D2-DED6-4F86-A319-A309FE3FEE9A}.Release|Any CPU.ActiveCfg = Release|Any CPU
		{07F0C1D2-DED6-4F86-A319-A309FE3FEE9A}.Release|Any CPU.Build.0 = Release|Any CPU
		{1161CC30-7684-4931-9949-01DE18F0B60C}.Debug|Any CPU.ActiveCfg = Debug|Any CPU
		{1161CC30-7684-4931-9949-01DE18F0B60C}.Debug|Any CPU.Build.0 = Debug|Any CPU
		{1161CC30-7684-4931-9949-01DE18F0B60C}.Release|Any CPU.ActiveCfg = Release|Any CPU
		{1161CC30-7684-4931-9949-01DE18F0B60C}.Release|Any CPU.Build.0 = Release|Any CPU
	EndGlobalSection
	GlobalSection(SolutionProperties) = preSolution
		HideSolutionNode = FALSE
	EndGlobalSection
	GlobalSection(ExtensibilityGlobals) = postSolution
		SolutionGuid = {B94AEF58-3080-4D14-B486-88918DFD151B}
	EndGlobalSection
EndGlobal
